{
  "name": "tictactoe-fdiba-teamproject",
  "lockfileVersion": 3,
  "requires": true,
  "packages": {
    "": {
      "dependencies": {
        "@syncfusion/ej2-react-inputs": "^25.1.40"
      }
    },
    "node_modules/@syncfusion/ej2-base": {
      "version": "25.1.35",
      "resolved": "https://registry.npmjs.org/@syncfusion/ej2-base/-/ej2-base-25.1.35.tgz",
      "integrity": "sha512-eH/zLft7j5jhbNquVNcKoDmlx+ZU/77mHAJwpG9Ad4+C/+7UcWlIi/RDORJ0QreosZM4gMyCYzxDAZ5QOI3txw==",
      "dependencies": {
        "@syncfusion/ej2-icons": "~25.1.35"
      },
      "bin": {
        "syncfusion-license": "bin/syncfusion-license.js"
      }
    },
    "node_modules/@syncfusion/ej2-buttons": {
      "version": "25.1.39",
      "resolved": "https://registry.npmjs.org/@syncfusion/ej2-buttons/-/ej2-buttons-25.1.39.tgz",
      "integrity": "sha512-QUAiHhswM3hP0pGjantmc785yntT3JBx0UEZtL3cG9bZLjRQLi2cAGmWDdA1U6cBmsEvf0vzvRS7uhAnfRN0JQ==",
      "dependencies": {
        "@syncfusion/ej2-base": "~25.1.35"
      }
    },
    "node_modules/@syncfusion/ej2-icons": {
      "version": "25.1.35",
      "resolved": "https://registry.npmjs.org/@syncfusion/ej2-icons/-/ej2-icons-25.1.35.tgz",
      "integrity": "sha512-E8ypbeB9ISTsaj8Q29w3Ysh6HG35GOdTjfaU6JTCaZ9wP30q04B4WfN9lqcd42Q198qhynFAXd3lJyYev68aGw=="
    },
    "node_modules/@syncfusion/ej2-inputs": {
      "version": "25.1.40",
      "resolved": "https://registry.npmjs.org/@syncfusion/ej2-inputs/-/ej2-inputs-25.1.40.tgz",
      "integrity": "sha512-5b3WWx3MFKKqSktKLprzDYSw6kK8m9xPJ5aW5KYxQiBob5cQ5SdE5j4K30MdenDIzjlSofyZ6xX0+UZNgEkhUA==",
      "dependencies": {
        "@syncfusion/ej2-base": "~25.1.35",
        "@syncfusion/ej2-buttons": "~25.1.39",
        "@syncfusion/ej2-popups": "~25.1.39",
        "@syncfusion/ej2-splitbuttons": "~25.1.38"
      }
    },
    "node_modules/@syncfusion/ej2-popups": {
      "version": "25.1.41",
      "resolved": "https://registry.npmjs.org/@syncfusion/ej2-popups/-/ej2-popups-25.1.41.tgz",
      "integrity": "sha512-HP5itRUhATUBfGL6cB849NksKdN/yuENxEO4c+Smno39070LP7FvAiC4f1CfhnpXNtP+mCIT5Pjl0+jvxE/Vbw==",
      "dependencies": {
        "@syncfusion/ej2-base": "~25.1.35",
        "@syncfusion/ej2-buttons": "~25.1.39"
      }
    },
    "node_modules/@syncfusion/ej2-react-base": {
      "version": "25.1.35",
      "resolved": "https://registry.npmjs.org/@syncfusion/ej2-react-base/-/ej2-react-base-25.1.35.tgz",
      "integrity": "sha512-chjK/THRwbRcQTKUL7NyP2VBjtS65uw6e0kieTsQvJ37c3ZZZ3/FpHt9jcqJisStrZ/xp4/y9uSPe6kqBGQBCg==",
      "dependencies": {
        "@syncfusion/ej2-base": "~25.1.35"
      }
    },
    "node_modules/@syncfusion/ej2-react-inputs": {
      "version": "25.1.40",
      "resolved": "https://registry.npmjs.org/@syncfusion/ej2-react-inputs/-/ej2-react-inputs-25.1.40.tgz",
      "integrity": "sha512-maTljYrEqvZ2mgq0n7Hm7593mU23LfBsMkYli9G4CqeFAQfkS36oGqDALCt+qsLGRwT6tgvhyE4jipj6ESQ17w==",
      "dependencies": {
        "@syncfusion/ej2-base": "~25.1.35",
        "@syncfusion/ej2-inputs": "25.1.40",
        "@syncfusion/ej2-react-base": "~25.1.35"
      }
    },
    "node_modules/@syncfusion/ej2-splitbuttons": {
      "version": "25.1.38",
      "resolved": "https://registry.npmjs.org/@syncfusion/ej2-splitbuttons/-/ej2-splitbuttons-25.1.38.tgz",
      "integrity": "sha512-D5RkU93v2UdbWeny6qkfwiBx38jDe0suHZv1CYES7dnFcQKkKOUjI2TBwIi5d7aFyf4W8reQt7YPmOyNt/8b/Q==",
      "dependencies": {
        "@syncfusion/ej2-base": "~25.1.35",
        "@syncfusion/ej2-popups": "~25.1.38"
      }
    }
  }
}
